
Microsoft Visual Studio Solution File, Format Version 12.00
# Visual Studio Version 17
VisualStudioVersion = 17.1.32210.238
MinimumVisualStudioVersion = 10.0.40219.1
Project("{FAE04EC0-301F-11D3-BF4B-00C04F79EFBC}") = "GanhoDeCapitalAPP", "GanhoDeCapitalAPP\GanhoDeCapitalAPP.csproj", "{B32337B2-5744-4E0F-9D00-D51297BD48A2}"
EndProject
Project("{FAE04EC0-301F-11D3-BF4B-00C04F79EFBC}") = "GanhoDeCapitalTest", "GanhoDeCapitalTest\GanhoDeCapitalTest.csproj", "{FEFD41D1-634F-4E59-BF25-31F78EEBB229}"
EndProject
Global
	GlobalSection(SolutionConfigurationPlatforms) = preSolution
		Debug|Any CPU = Debug|Any CPU
		Release|Any CPU = Release|Any CPU
	EndGlobalSection
	GlobalSection(ProjectConfigurationPlatforms) = postSolution
		{B32337B2-5744-4E0F-9D00-D51297BD48A2}.Debug|Any CPU.ActiveCfg = Debug|Any CPU
		{B32337B2-5744-4E0F-9D00-D51297BD48A2}.Debug|Any CPU.Build.0 = Debug|Any CPU
		{B32337B2-5744-4E0F-9D00-D51297BD48A2}.Release|Any CPU.ActiveCfg = Release|Any CPU
		{B32337B2-5744-4E0F-9D00-D51297BD48A2}.Release|Any CPU.Build.0 = Release|Any CPU
		{FEFD41D1-634F-4E59-BF25-31F78EEBB229}.Debug|Any CPU.ActiveCfg = Debug|Any CPU
		{FEFD41D1-634F-4E59-BF25-31F78EEBB229}.Debug|Any CPU.Build.0 = Debug|Any CPU
		{FEFD41D1-634F-4E59-BF25-31F78EEBB229}.Release|Any CPU.ActiveCfg = Release|Any CPU
		{FEFD41D1-634F-4E59-BF25-31F78EEBB229}.Release|Any CPU.Build.0 = Release|Any CPU
	EndGlobalSection
	GlobalSection(SolutionProperties) = preSolution
		HideSolutionNode = FALSE
	EndGlobalSection
	GlobalSection(ExtensibilityGlobals) = postSolution
		SolutionGuid = {5E698C5A-E1D4-492C-91D7-5A848B81DAF2}
	EndGlobalSection
EndGlobal
